// !$*UTF8*$!
{
	archiveVersion = 1;
	classes = {
	};
	objectVersion = 45;
	objects = {

/* Begin PBXBuildFile section */
		1D3623260D0F684500981E51 /* HiMasterpiecesAppDelegate.m in Sources */ = {isa = PBXBuildFile; fileRef = 1D3623250D0F684500981E51 /* HiMasterpiecesAppDelegate.m */; };
		1D60589B0D05DD56006BFB54 /* main.m in Sources */ = {isa = PBXBuildFile; fileRef = 29B97316FDCFA39411CA2CEA /* main.m */; };
		1D60589F0D05DD5A006BFB54 /* Foundation.framework in Frameworks */ = {isa = PBXBuildFile; fileRef = 1D30AB110D05D00D00671497 /* Foundation.framework */; };
		1DF5F4E00D08C38300B7A737 /* UIKit.framework in Frameworks */ = {isa = PBXBuildFile; fileRef = 1DF5F4DF0D08C38300B7A737 /* UIKit.framework */; };
		28216C970DB411BC00E5133A /* FirstViewController.m in Sources */ = {isa = PBXBuildFile; fileRef = 28216C960DB411BC00E5133A /* FirstViewController.m */; };
		282CCBFE0DB6C98000C4EA27 /* SecondView.xib in Resources */ = {isa = PBXBuildFile; fileRef = 282CCBFD0DB6C98000C4EA27 /* SecondView.xib */; };
		288765080DF74369002DB57D /* CoreGraphics.framework in Frameworks */ = {isa = PBXBuildFile; fileRef = 288765070DF74369002DB57D /* CoreGraphics.framework */; };
		28AD73880D9D96C1002E5188 /* MainWindow.xib in Resources */ = {isa = PBXBuildFile; fileRef = 28AD73870D9D96C1002E5188 /* MainWindow.xib */; };
		4DDCD298102169B000AA1D22 /* 59th-street-studio.jpg in Resources */ = {isa = PBXBuildFile; fileRef = 4DDCD28F102169B000AA1D22 /* 59th-street-studio.jpg */; };
		4DDCD299102169B000AA1D22 /* a-boy-and-a-girl-with-a-cat-and-an-eel.jpg in Resources */ = {isa = PBXBuildFile; fileRef = 4DDCD290102169B000AA1D22 /* a-boy-and-a-girl-with-a-cat-and-an-eel.jpg */; };
		4DDCD29A102169B000AA1D22 /* a-burial-at-ornans.jpg in Resources */ = {isa = PBXBuildFile; fileRef = 4DDCD291102169B000AA1D22 /* a-burial-at-ornans.jpg */; };
		4DDCD29B102169B000AA1D22 /* a-cavalier-over-a-fallen-adversary.jpg in Resources */ = {isa = PBXBuildFile; fileRef = 4DDCD292102169B000AA1D22 /* a-cavalier-over-a-fallen-adversary.jpg */; };
		4DDCD29C102169B000AA1D22 /* a-dream-of-italy.jpg in Resources */ = {isa = PBXBuildFile; fileRef = 4DDCD293102169B000AA1D22 /* a-dream-of-italy.jpg */; };
		4DDCD29D102169B000AA1D22 /* a-few-small-nips.jpg in Resources */ = {isa = PBXBuildFile; fileRef = 4DDCD294102169B000AA1D22 /* a-few-small-nips.jpg */; };
		4DDCD29E102169B000AA1D22 /* a-flower-for-the-teacher.jpg in Resources */ = {isa = PBXBuildFile; fileRef = 4DDCD295102169B000AA1D22 /* a-flower-for-the-teacher.jpg */; };
		4DDCD29F102169B000AA1D22 /* a-harvest-of-death-gettysburg-pennsylvania-july-1863.jpg in Resources */ = {isa = PBXBuildFile; fileRef = 4DDCD296102169B000AA1D22 /* a-harvest-of-death-gettysburg-pennsylvania-july-1863.jpg */; };
		4DDCD2A0102169B000AA1D22 /* a-lheure-de-lobservatoire-les-amoureux.jpg in Resources */ = {isa = PBXBuildFile; fileRef = 4DDCD297102169B000AA1D22 /* a-lheure-de-lobservatoire-les-amoureux.jpg */; };
		4DDCD2BF10216B0700AA1D22 /* DataCache.m in Sources */ = {isa = PBXBuildFile; fileRef = 4DDCD2BC10216B0700AA1D22 /* DataCache.m */; };
		4DDCD2C010216B0700AA1D22 /* FlowCoverView.m in Sources */ = {isa = PBXBuildFile; fileRef = 4DDCD2BE10216B0700AA1D22 /* FlowCoverView.m */; };
		4DDCD2C310216BA700AA1D22 /* QuartzCore.framework in Frameworks */ = {isa = PBXBuildFile; fileRef = 4DDCD2C210216BA700AA1D22 /* QuartzCore.framework */; };
		4DDCD2C710216BB800AA1D22 /* OpenGLES.framework in Frameworks */ = {isa = PBXBuildFile; fileRef = 4DDCD2C610216BB800AA1D22 /* OpenGLES.framework */; };
		4DDCD2CF10216CCF00AA1D22 /* MasterpieceTableController.m in Sources */ = {isa = PBXBuildFile; fileRef = 4DDCD2CD10216CCF00AA1D22 /* MasterpieceTableController.m */; };
		4DDCD2D010216CCF00AA1D22 /* MasterpieceTableController.xib in Resources */ = {isa = PBXBuildFile; fileRef = 4DDCD2CE10216CCF00AA1D22 /* MasterpieceTableController.xib */; };
/* End PBXBuildFile section */

/* Begin PBXFileReference section */
		1D30AB110D05D00D00671497 /* Foundation.framework */ = {isa = PBXFileReference; lastKnownFileType = wrapper.framework; name = Foundation.framework; path = System/Library/Frameworks/Foundation.framework; sourceTree = SDKROOT; };
		1D3623240D0F684500981E51 /* HiMasterpiecesAppDelegate.h */ = {isa = PBXFileReference; fileEncoding = 4; lastKnownFileType = sourcecode.c.h; path = HiMasterpiecesAppDelegate.h; sourceTree = "<group>"; };
		1D3623250D0F684500981E51 /* HiMasterpiecesAppDelegate.m */ = {isa = PBXFileReference; fileEncoding = 4; lastKnownFileType = sourcecode.c.objc; path = HiMasterpiecesAppDelegate.m; sourceTree = "<group>"; };
		1D6058910D05DD3D006BFB54 /* HiMasterpieces.app */ = {isa = PBXFileReference; explicitFileType = wrapper.application; includeInIndex = 0; path = HiMasterpieces.app; sourceTree = BUILT_PRODUCTS_DIR; };
		1DF5F4DF0D08C38300B7A737 /* UIKit.framework */ = {isa = PBXFileReference; lastKnownFileType = wrapper.framework; name = UIKit.framework; path = System/Library/Frameworks/UIKit.framework; sourceTree = SDKROOT; };
		28216C950DB411BC00E5133A /* FirstViewController.h */ = {isa = PBXFileReference; fileEncoding = 4; lastKnownFileType = sourcecode.c.h; path = FirstViewController.h; sourceTree = "<group>"; };
		28216C960DB411BC00E5133A /* FirstViewController.m */ = {isa = PBXFileReference; fileEncoding = 4; lastKnownFileType = sourcecode.c.objc; path = FirstViewController.m; sourceTree = "<group>"; };
		282CCBFD0DB6C98000C4EA27 /* SecondView.xib */ = {isa = PBXFileReference; lastKnownFileType = file.xib; path = SecondView.xib; sourceTree = "<group>"; };
		288765070DF74369002DB57D /* CoreGraphics.framework */ = {isa = PBXFileReference; lastKnownFileType = wrapper.framework; name = CoreGraphics.framework; path = System/Library/Frameworks/CoreGraphics.framework; sourceTree = SDKROOT; };
		28A0AB4B0D9B1048005BE974 /* HiMasterpieces_Prefix.pch */ = {isa = PBXFileReference; fileEncoding = 4; lastKnownFileType = sourcecode.c.h; path = HiMasterpieces_Prefix.pch; sourceTree = "<group>"; };
		28AD73870D9D96C1002E5188 /* MainWindow.xib */ = {isa = PBXFileReference; lastKnownFileType = file.xib; path = MainWindow.xib; sourceTree = "<group>"; };
		29B97316FDCFA39411CA2CEA /* main.m */ = {isa = PBXFileReference; fileEncoding = 4; lastKnownFileType = sourcecode.c.objc; path = main.m; sourceTree = "<group>"; };
		4DDCD28F102169B000AA1D22 /* 59th-street-studio.jpg */ = {isa = PBXFileReference; lastKnownFileType = image.jpeg; path = "59th-street-studio.jpg"; sourceTree = "<group>"; };
		4DDCD290102169B000AA1D22 /* a-boy-and-a-girl-with-a-cat-and-an-eel.jpg */ = {isa = PBXFileReference; lastKnownFileType = image.jpeg; path = "a-boy-and-a-girl-with-a-cat-and-an-eel.jpg"; sourceTree = "<group>"; };
		4DDCD291102169B000AA1D22 /* a-burial-at-ornans.jpg */ = {isa = PBXFileReference; lastKnownFileType = image.jpeg; path = "a-burial-at-ornans.jpg"; sourceTree = "<group>"; };
		4DDCD292102169B000AA1D22 /* a-cavalier-over-a-fallen-adversary.jpg */ = {isa = PBXFileReference; lastKnownFileType = image.jpeg; path = "a-cavalier-over-a-fallen-adversary.jpg"; sourceTree = "<group>"; };
		4DDCD293102169B000AA1D22 /* a-dream-of-italy.jpg */ = {isa = PBXFileReference; lastKnownFileType = image.jpeg; path = "a-dream-of-italy.jpg"; sourceTree = "<group>"; };
		4DDCD294102169B000AA1D22 /* a-few-small-nips.jpg */ = {isa = PBXFileReference; lastKnownFileType = image.jpeg; path = "a-few-small-nips.jpg"; sourceTree = "<group>"; };
		4DDCD295102169B000AA1D22 /* a-flower-for-the-teacher.jpg */ = {isa = PBXFileReference; lastKnownFileType = image.jpeg; path = "a-flower-for-the-teacher.jpg"; sourceTree = "<group>"; };
		4DDCD296102169B000AA1D22 /* a-harvest-of-death-gettysburg-pennsylvania-july-1863.jpg */ = {isa = PBXFileReference; lastKnownFileType = image.jpeg; path = "a-harvest-of-death-gettysburg-pennsylvania-july-1863.jpg"; sourceTree = "<group>"; };
		4DDCD297102169B000AA1D22 /* a-lheure-de-lobservatoire-les-amoureux.jpg */ = {isa = PBXFileReference; lastKnownFileType = image.jpeg; path = "a-lheure-de-lobservatoire-les-amoureux.jpg"; sourceTree = "<group>"; };
		4DDCD2BB10216B0700AA1D22 /* DataCache.h */ = {isa = PBXFileReference; fileEncoding = 4; lastKnownFileType = sourcecode.c.h; path = DataCache.h; sourceTree = "<group>"; };
		4DDCD2BC10216B0700AA1D22 /* DataCache.m */ = {isa = PBXFileReference; fileEncoding = 4; lastKnownFileType = sourcecode.c.objc; path = DataCache.m; sourceTree = "<group>"; };
		4DDCD2BD10216B0700AA1D22 /* FlowCoverView.h */ = {isa = PBXFileReference; fileEncoding = 4; lastKnownFileType = sourcecode.c.h; path = FlowCoverView.h; sourceTree = "<group>"; };
		4DDCD2BE10216B0700AA1D22 /* FlowCoverView.m */ = {isa = PBXFileReference; fileEncoding = 4; lastKnownFileType = sourcecode.c.objc; path = FlowCoverView.m; sourceTree = "<group>"; };
		4DDCD2C210216BA700AA1D22 /* QuartzCore.framework */ = {isa = PBXFileReference; lastKnownFileType = wrapper.framework; name = QuartzCore.framework; path = System/Library/Frameworks/QuartzCore.framework; sourceTree = SDKROOT; };
		4DDCD2C610216BB800AA1D22 /* OpenGLES.framework */ = {isa = PBXFileReference; lastKnownFileType = wrapper.framework; name = OpenGLES.framework; path = System/Library/Frameworks/OpenGLES.framework; sourceTree = SDKROOT; };
		4DDCD2CC10216CCF00AA1D22 /* MasterpieceTableController.h */ = {isa = PBXFileReference; fileEncoding = 4; lastKnownFileType = sourcecode.c.h; path = MasterpieceTableController.h; sourceTree = "<group>"; };
		4DDCD2CD10216CCF00AA1D22 /* MasterpieceTableController.m */ = {isa = PBXFileReference; fileEncoding = 4; lastKnownFileType = sourcecode.c.objc; path = MasterpieceTableController.m; sourceTree = "<group>"; };
		4DDCD2CE10216CCF00AA1D22 /* MasterpieceTableController.xib */ = {isa = PBXFileReference; lastKnownFileType = file.xib; name = MasterpieceTableController.xib; path = Controllers/MasterpieceTableController.xib; sourceTree = "<group>"; };
		8D1107310486CEB800E47090 /* HiMasterpieces-Info.plist */ = {isa = PBXFileReference; fileEncoding = 4; lastKnownFileType = text.plist.xml; path = "HiMasterpieces-Info.plist"; plistStructureDefinitionIdentifier = "com.apple.xcode.plist.structure-definition.iphone.info-plist"; sourceTree = "<group>"; };
/* End PBXFileReference section */

/* Begin PBXFrameworksBuildPhase section */
		1D60588F0D05DD3D006BFB54 /* Frameworks */ = {
			isa = PBXFrameworksBuildPhase;
			buildActionMask = 2147483647;
			files = (
				1D60589F0D05DD5A006BFB54 /* Foundation.framework in Frameworks */,
				1DF5F4E00D08C38300B7A737 /* UIKit.framework in Frameworks */,
				288765080DF74369002DB57D /* CoreGraphics.framework in Frameworks */,
				4DDCD2C310216BA700AA1D22 /* QuartzCore.framework in Frameworks */,
				4DDCD2C710216BB800AA1D22 /* OpenGLES.framework in Frameworks */,
			);
			runOnlyForDeploymentPostprocessing = 0;
		};
/* End PBXFrameworksBuildPhase section */

/* Begin PBXGroup section */
		080E96DDFE201D6D7F000001 /* Controllers */ = {
			isa = PBXGroup;
			children = (
				28216C950DB411BC00E5133A /* FirstViewController.h */,
				28216C960DB411BC00E5133A /* FirstViewController.m */,
				1D3623240D0F684500981E51 /* HiMasterpiecesAppDelegate.h */,
				1D3623250D0F684500981E51 /* HiMasterpiecesAppDelegate.m */,
				4DDCD2CC10216CCF00AA1D22 /* MasterpieceTableController.h */,
				4DDCD2CD10216CCF00AA1D22 /* MasterpieceTableController.m */,
			);
			path = Controllers;
			sourceTree = "<group>";
		};
		19C28FACFE9D520D11CA2CBB /* Products */ = {
			isa = PBXGroup;
			children = (
				1D6058910D05DD3D006BFB54 /* HiMasterpieces.app */,
			);
			name = Products;
			sourceTree = "<group>";
		};
		29B97314FDCFA39411CA2CEA /* HiMasterpieces */ = {
			isa = PBXGroup;
			children = (
				4DDCD2B110216A8000AA1D22 /* Models */,
				4DDCD2B410216A9000AA1D22 /* Views */,
				080E96DDFE201D6D7F000001 /* Controllers */,
				4DDCD2B610216A9D00AA1D22 /* Helpers */,
				4DDCD2B710216AA800AA1D22 /* Lib */,
				29B97315FDCFA39411CA2CEA /* Other Sources */,
				29B97317FDCFA39411CA2CEA /* Resources */,
				4DDCD28E102169B000AA1D22 /* Images */,
				29B97323FDCFA39411CA2CEA /* Frameworks */,
				19C28FACFE9D520D11CA2CBB /* Products */,
			);
			name = HiMasterpieces;
			sourceTree = "<group>";
		};
		29B97315FDCFA39411CA2CEA /* Other Sources */ = {
			isa = PBXGroup;
			children = (
				28A0AB4B0D9B1048005BE974 /* HiMasterpieces_Prefix.pch */,
				29B97316FDCFA39411CA2CEA /* main.m */,
			);
			name = "Other Sources";
			sourceTree = "<group>";
		};
		29B97317FDCFA39411CA2CEA /* Resources */ = {
			isa = PBXGroup;
			children = (
				4DDCD2CE10216CCF00AA1D22 /* MasterpieceTableController.xib */,
				282CCBFD0DB6C98000C4EA27 /* SecondView.xib */,
				28AD73870D9D96C1002E5188 /* MainWindow.xib */,
				8D1107310486CEB800E47090 /* HiMasterpieces-Info.plist */,
			);
			name = Resources;
			sourceTree = "<group>";
		};
		29B97323FDCFA39411CA2CEA /* Frameworks */ = {
			isa = PBXGroup;
			children = (
				4DDCD2C610216BB800AA1D22 /* OpenGLES.framework */,
				4DDCD2C210216BA700AA1D22 /* QuartzCore.framework */,
				1DF5F4DF0D08C38300B7A737 /* UIKit.framework */,
				1D30AB110D05D00D00671497 /* Foundation.framework */,
				288765070DF74369002DB57D /* CoreGraphics.framework */,
			);
			name = Frameworks;
			sourceTree = "<group>";
		};
		4DDCD28E102169B000AA1D22 /* Images */ = {
			isa = PBXGroup;
			children = (
				4DDCD28F102169B000AA1D22 /* 59th-street-studio.jpg */,
				4DDCD290102169B000AA1D22 /* a-boy-and-a-girl-with-a-cat-and-an-eel.jpg */,
				4DDCD291102169B000AA1D22 /* a-burial-at-ornans.jpg */,
				4DDCD292102169B000AA1D22 /* a-cavalier-over-a-fallen-adversary.jpg */,
				4DDCD293102169B000AA1D22 /* a-dream-of-italy.jpg */,
				4DDCD294102169B000AA1D22 /* a-few-small-nips.jpg */,
				4DDCD295102169B000AA1D22 /* a-flower-for-the-teacher.jpg */,
				4DDCD296102169B000AA1D22 /* a-harvest-of-death-gettysburg-pennsylvania-july-1863.jpg */,
				4DDCD297102169B000AA1D22 /* a-lheure-de-lobservatoire-les-amoureux.jpg */,
			);
			path = Images;
			sourceTree = "<group>";
		};
		4DDCD2B110216A8000AA1D22 /* Models */ = {
			isa = PBXGroup;
			children = (
			);
			name = Models;
			sourceTree = "<group>";
		};
		4DDCD2B410216A9000AA1D22 /* Views */ = {
			isa = PBXGroup;
			children = (
			);
			name = Views;
			sourceTree = "<group>";
		};
		4DDCD2B610216A9D00AA1D22 /* Helpers */ = {
			isa = PBXGroup;
			children = (
			);
			name = Helpers;
			sourceTree = "<group>";
		};
		4DDCD2B710216AA800AA1D22 /* Lib */ = {
			isa = PBXGroup;
			children = (
				4DDCD2BA10216B0700AA1D22 /* FlowCover */,
			);
			name = Lib;
			sourceTree = "<group>";
		};
		4DDCD2BA10216B0700AA1D22 /* FlowCover */ = {
			isa = PBXGroup;
			children = (
				4DDCD2BB10216B0700AA1D22 /* DataCache.h */,
				4DDCD2BC10216B0700AA1D22 /* DataCache.m */,
				4DDCD2BD10216B0700AA1D22 /* FlowCoverView.h */,
				4DDCD2BE10216B0700AA1D22 /* FlowCoverView.m */,
			);
			name = FlowCover;
			path = Lib/FlowCover;
			sourceTree = "<group>";
		};
/* End PBXGroup section */

/* Begin PBXNativeTarget section */
		1D6058900D05DD3D006BFB54 /* HiMasterpieces */ = {
			isa = PBXNativeTarget;
			buildConfigurationList = 1D6058960D05DD3E006BFB54 /* Build configuration list for PBXNativeTarget "HiMasterpieces" */;
			buildPhases = (
				1D60588D0D05DD3D006BFB54 /* Resources */,
				1D60588E0D05DD3D006BFB54 /* Sources */,
				1D60588F0D05DD3D006BFB54 /* Frameworks */,
			);
			buildRules = (
			);
			dependencies = (
			);
			name = HiMasterpieces;
			productName = HiMasterpieces;
			productReference = 1D6058910D05DD3D006BFB54 /* HiMasterpieces.app */;
			productType = "com.apple.product-type.application";
		};
/* End PBXNativeTarget section */

/* Begin PBXProject section */
		29B97313FDCFA39411CA2CEA /* Project object */ = {
			isa = PBXProject;
			buildConfigurationList = C01FCF4E08A954540054247B /* Build configuration list for PBXProject "HiMasterpieces" */;
			compatibilityVersion = "Xcode 3.1";
			hasScannedForEncodings = 1;
			mainGroup = 29B97314FDCFA39411CA2CEA /* HiMasterpieces */;
			projectDirPath = "";
			projectRoot = "";
			targets = (
				1D6058900D05DD3D006BFB54 /* HiMasterpieces */,
			);
		};
/* End PBXProject section */

/* Begin PBXResourcesBuildPhase section */
		1D60588D0D05DD3D006BFB54 /* Resources */ = {
			isa = PBXResourcesBuildPhase;
			buildActionMask = 2147483647;
			files = (
				28AD73880D9D96C1002E5188 /* MainWindow.xib in Resources */,
				282CCBFE0DB6C98000C4EA27 /* SecondView.xib in Resources */,
				4DDCD298102169B000AA1D22 /* 59th-street-studio.jpg in Resources */,
				4DDCD299102169B000AA1D22 /* a-boy-and-a-girl-with-a-cat-and-an-eel.jpg in Resources */,
				4DDCD29A102169B000AA1D22 /* a-burial-at-ornans.jpg in Resources */,
				4DDCD29B102169B000AA1D22 /* a-cavalier-over-a-fallen-adversary.jpg in Resources */,
				4DDCD29C102169B000AA1D22 /* a-dream-of-italy.jpg in Resources */,
				4DDCD29D102169B000AA1D22 /* a-few-small-nips.jpg in Resources */,
				4DDCD29E102169B000AA1D22 /* a-flower-for-the-teacher.jpg in Resources */,
				4DDCD29F102169B000AA1D22 /* a-harvest-of-death-gettysburg-pennsylvania-july-1863.jpg in Resources */,
				4DDCD2A0102169B000AA1D22 /* a-lheure-de-lobservatoire-les-amoureux.jpg in Resources */,
				4DDCD2D010216CCF00AA1D22 /* MasterpieceTableController.xib in Resources */,
			);
			runOnlyForDeploymentPostprocessing = 0;
		};
/* End PBXResourcesBuildPhase section */

/* Begin PBXSourcesBuildPhase section */
		1D60588E0D05DD3D006BFB54 /* Sources */ = {
			isa = PBXSourcesBuildPhase;
			buildActionMask = 2147483647;
			files = (
				1D60589B0D05DD56006BFB54 /* main.m in Sources */,
				1D3623260D0F684500981E51 /* HiMasterpiecesAppDelegate.m in Sources */,
				28216C970DB411BC00E5133A /* FirstViewController.m in Sources */,
				4DDCD2BF10216B0700AA1D22 /* DataCache.m in Sources */,
				4DDCD2C010216B0700AA1D22 /* FlowCoverView.m in Sources */,
				4DDCD2CF10216CCF00AA1D22 /* MasterpieceTableController.m in Sources */,
			);
			runOnlyForDeploymentPostprocessing = 0;
		};
/* End PBXSourcesBuildPhase section */

/* Begin XCBuildConfiguration section */
		1D6058940D05DD3E006BFB54 /* Debug */ = {
			isa = XCBuildConfiguration;
			buildSettings = {
				ALWAYS_SEARCH_USER_PATHS = NO;
				COPY_PHASE_STRIP = NO;
				GCC_DYNAMIC_NO_PIC = NO;
				GCC_OPTIMIZATION_LEVEL = 0;
				GCC_PRECOMPILE_PREFIX_HEADER = YES;
				GCC_PREFIX_HEADER = HiMasterpieces_Prefix.pch;
				INFOPLIST_FILE = "HiMasterpieces-Info.plist";
				PRODUCT_NAME = HiMasterpieces;
			};
			name = Debug;
		};
		1D6058950D05DD3E006BFB54 /* Release */ = {
			isa = XCBuildConfiguration;
			buildSettings = {
				ALWAYS_SEARCH_USER_PATHS = NO;
				COPY_PHASE_STRIP = YES;
				GCC_PRECOMPILE_PREFIX_HEADER = YES;
				GCC_PREFIX_HEADER = HiMasterpieces_Prefix.pch;
				INFOPLIST_FILE = "HiMasterpieces-Info.plist";
				PRODUCT_NAME = HiMasterpieces;
			};
			name = Release;
		};
		C01FCF4F08A954540054247B /* Debug */ = {
			isa = XCBuildConfiguration;
			buildSettings = {
				ARCHS = "$(ARCHS_STANDARD_32_BIT)";
				"CODE_SIGN_IDENTITY[sdk=iphoneos*]" = "iPhone Developer";
				GCC_C_LANGUAGE_STANDARD = c99;
				GCC_WARN_ABOUT_RETURN_TYPE = YES;
				GCC_WARN_UNUSED_VARIABLE = YES;
				PREBINDING = NO;
				SDKROOT = iphoneos3.1;
			};
			name = Debug;
		};
		C01FCF5008A954540054247B /* Release */ = {
			isa = XCBuildConfiguration;
			buildSettings = {
				ARCHS = "$(ARCHS_STANDARD_32_BIT)";
				"CODE_SIGN_IDENTITY[sdk=iphoneos*]" = "iPhone Developer";
				GCC_C_LANGUAGE_STANDARD = c99;
				GCC_WARN_ABOUT_RETURN_TYPE = YES;
				GCC_WARN_UNUSED_VARIABLE = YES;
				PREBINDING = NO;
				SDKROOT = iphoneos3.1;
			};
			name = Release;
		};
/* End XCBuildConfiguration section */

/* Begin XCConfigurationList section */
		1D6058960D05DD3E006BFB54 /* Build configuration list for PBXNativeTarget "HiMasterpieces" */ = {
			isa = XCConfigurationList;
			buildConfigurations = (
				1D6058940D05DD3E006BFB54 /* Debug */,
				1D6058950D05DD3E006BFB54 /* Release */,
			);
			defaultConfigurationIsVisible = 0;
			defaultConfigurationName = Release;
		};
		C01FCF4E08A954540054247B /* Build configuration list for PBXProject "HiMasterpieces" */ = {
			isa = XCConfigurationList;
			buildConfigurations = (
				C01FCF4F08A954540054247B /* Debug */,
				C01FCF5008A954540054247B /* Release */,
			);
			defaultConfigurationIsVisible = 0;
			defaultConfigurationName = Release;
		};
/* End XCConfigurationList section */
	};
	rootObject = 29B97313FDCFA39411CA2CEA /* Project object */;
}
